
Microsoft Visual Studio Solution File, Format Version 11.00
# Visual Studio 2010
Project("{8BC9CEB8-8B4A-11D0-8D11-00A0C91BC942}") = "RemotePC", "RemotePC.vista.vcxproj", "{78890159-F57D-3031-BFB8-0CD5455AA038}"
	ProjectSection(ProjectDependencies) = postProject
		{C5EF621D-A7D6-4E75-997C-2CC84FD76674} = {C5EF621D-A7D6-4E75-997C-2CC84FD76674}
	EndProjectSection
EndProject
Project("{8BC9CEB8-8B4A-11D0-8D11-00A0C91BC942}") = "MinCOMLib", "..\3rdParty\cmnkit\source\source\MinCOMLib\MinCOMLib.vs2010.vcxproj", "{C5EF621D-A7D6-4E75-997C-2CC84FD76674}"
EndProject
Project("{8BC9CEB8-8B4A-11D0-8D11-00A0C91BC942}") = "MinCOM", "..\3rdParty\cmnkit\source\include\MinCOM\MinCOM.vs2010.vcxproj", "{394FF833-7A1C-43C5-AD7F-C7AC10156DFA}"
EndProject
Global
	GlobalSection(SolutionConfigurationPlatforms) = preSolution
		Debug|Win32 = Debug|Win32
		Release|Win32 = Release|Win32
	EndGlobalSection
	GlobalSection(ProjectConfigurationPlatforms) = postSolution
		{78890159-F57D-3031-BFB8-0CD5455AA038}.Debug|Win32.ActiveCfg = Debug|Win32
		{78890159-F57D-3031-BFB8-0CD5455AA038}.Debug|Win32.Build.0 = Debug|Win32
		{78890159-F57D-3031-BFB8-0CD5455AA038}.Release|Win32.ActiveCfg = Release|Win32
		{78890159-F57D-3031-BFB8-0CD5455AA038}.Release|Win32.Build.0 = Release|Win32
		{C5EF621D-A7D6-4E75-997C-2CC84FD76674}.Debug|Win32.ActiveCfg = Debug|Win32
		{C5EF621D-A7D6-4E75-997C-2CC84FD76674}.Debug|Win32.Build.0 = Debug|Win32
		{C5EF621D-A7D6-4E75-997C-2CC84FD76674}.Release|Win32.ActiveCfg = Release|Win32
		{C5EF621D-A7D6-4E75-997C-2CC84FD76674}.Release|Win32.Build.0 = Release|Win32
		{394FF833-7A1C-43C5-AD7F-C7AC10156DFA}.Debug|Win32.ActiveCfg = Debug|Win32
		{394FF833-7A1C-43C5-AD7F-C7AC10156DFA}.Debug|Win32.Build.0 = Debug|Win32
		{394FF833-7A1C-43C5-AD7F-C7AC10156DFA}.Release|Win32.ActiveCfg = Release|Win32
		{394FF833-7A1C-43C5-AD7F-C7AC10156DFA}.Release|Win32.Build.0 = Release|Win32
	EndGlobalSection
	GlobalSection(SolutionProperties) = preSolution
		HideSolutionNode = FALSE
	EndGlobalSection
EndGlobal
